
Microsoft Visual Studio Solution File, Format Version 12.00
# Visual Studio Version 17
VisualStudioVersion = 17.14.36518.9 d17.14
MinimumVisualStudioVersion = 10.0.40219.1
Project("{FAE04EC0-301F-11D3-BF4B-00C04F79EFBC}") = "ЛБ 3 ПУРБУЕВ", "ЛБ 3 ПУРБУЕВ\ЛБ 3 ПУРБУЕВ.csproj", "{53537045-BE53-476F-B220-C174C86BB0DD}"
EndProject
Global
	GlobalSection(SolutionConfigurationPlatforms) = preSolution
		Debug|Any CPU = Debug|Any CPU
		Release|Any CPU = Release|Any CPU
	EndGlobalSection
	GlobalSection(ProjectConfigurationPlatforms) = postSolution
		{53537045-BE53-476F-B220-C174C86BB0DD}.Debug|Any CPU.ActiveCfg = Debug|Any CPU
		{53537045-BE53-476F-B220-C174C86BB0DD}.Debug|Any CPU.Build.0 = Debug|Any CPU
		{53537045-BE53-476F-B220-C174C86BB0DD}.Release|Any CPU.ActiveCfg = Release|Any CPU
		{53537045-BE53-476F-B220-C174C86BB0DD}.Release|Any CPU.Build.0 = Release|Any CPU
	EndGlobalSection
	GlobalSection(SolutionProperties) = preSolution
		HideSolutionNode = FALSE
	EndGlobalSection
	GlobalSection(ExtensibilityGlobals) = postSolution
		SolutionGuid = {16637A8D-44BF-4560-AB20-21DB2432C735}
	EndGlobalSection
EndGlobal
