
Microsoft Visual Studio Solution File, Format Version 12.00
# Visual Studio Version 17
VisualStudioVersion = 17.14.36518.9 d17.14
MinimumVisualStudioVersion = 10.0.40219.1
Project("{FAE04EC0-301F-11D3-BF4B-00C04F79EFBC}") = "ЛБ 1 ПУРБУЕВ", "ЛБ 1 ПУРБУЕВ\ЛБ 1 ПУРБУЕВ.csproj", "{BF6679D1-A786-45AA-8213-79E50C66A82B}"
EndProject
Global
	GlobalSection(SolutionConfigurationPlatforms) = preSolution
		Debug|Any CPU = Debug|Any CPU
		Release|Any CPU = Release|Any CPU
	EndGlobalSection
	GlobalSection(ProjectConfigurationPlatforms) = postSolution
		{BF6679D1-A786-45AA-8213-79E50C66A82B}.Debug|Any CPU.ActiveCfg = Debug|Any CPU
		{BF6679D1-A786-45AA-8213-79E50C66A82B}.Debug|Any CPU.Build.0 = Debug|Any CPU
		{BF6679D1-A786-45AA-8213-79E50C66A82B}.Release|Any CPU.ActiveCfg = Release|Any CPU
		{BF6679D1-A786-45AA-8213-79E50C66A82B}.Release|Any CPU.Build.0 = Release|Any CPU
	EndGlobalSection
	GlobalSection(SolutionProperties) = preSolution
		HideSolutionNode = FALSE
	EndGlobalSection
	GlobalSection(ExtensibilityGlobals) = postSolution
		SolutionGuid = {A7A77506-05F3-4117-8C9A-02E6E12F5B03}
	EndGlobalSection
EndGlobal
